
Microsoft Visual Studio Solution File, Format Version 12.00
# Visual Studio Version 17
VisualStudioVersion = 17.13.36105.23
MinimumVisualStudioVersion = 10.0.40219.1
Project("{8BC9CEB8-8B4A-11D0-8D11-00A0C91BC942}") = "gca_captcha_solver", "gca_captcha_solver\gca_captcha_solver.vcxproj", "{329CAF2C-C61F-4D69-A686-1AD28F29B5BF}"
EndProject
Project("{FAE04EC0-301F-11D3-BF4B-00C04F79EFBC}") = "gca", "gca\gca.csproj", "{910A41EE-81AE-41A6-9E70-EB7A1B89D574}"
EndProject
Global
	GlobalSection(SolutionConfigurationPlatforms) = preSolution
		Debug|Any CPU = Debug|Any CPU
		Debug|x64 = Debug|x64
		Debug|x86 = Debug|x86
		Release|Any CPU = Release|Any CPU
		Release|x64 = Release|x64
		Release|x86 = Release|x86
	EndGlobalSection
	GlobalSection(ProjectConfigurationPlatforms) = postSolution
		{329CAF2C-C61F-4D69-A686-1AD28F29B5BF}.Debug|Any CPU.ActiveCfg = Debug|x64
		{329CAF2C-C61F-4D69-A686-1AD28F29B5BF}.Debug|Any CPU.Build.0 = Debug|x64
		{329CAF2C-C61F-4D69-A686-1AD28F29B5BF}.Debug|x64.ActiveCfg = Debug|x64
		{329CAF2C-C61F-4D69-A686-1AD28F29B5BF}.Debug|x64.Build.0 = Debug|x64
		{329CAF2C-C61F-4D69-A686-1AD28F29B5BF}.Debug|x86.ActiveCfg = Debug|Win32
		{329CAF2C-C61F-4D69-A686-1AD28F29B5BF}.Debug|x86.Build.0 = Debug|Win32
		{329CAF2C-C61F-4D69-A686-1AD28F29B5BF}.Release|Any CPU.ActiveCfg = Release|x64
		{329CAF2C-C61F-4D69-A686-1AD28F29B5BF}.Release|Any CPU.Build.0 = Release|x64
		{329CAF2C-C61F-4D69-A686-1AD28F29B5BF}.Release|x64.ActiveCfg = Release|x64
		{329CAF2C-C61F-4D69-A686-1AD28F29B5BF}.Release|x64.Build.0 = Release|x64
		{329CAF2C-C61F-4D69-A686-1AD28F29B5BF}.Release|x86.ActiveCfg = Release|Win32
		{329CAF2C-C61F-4D69-A686-1AD28F29B5BF}.Release|x86.Build.0 = Release|Win32
		{910A41EE-81AE-41A6-9E70-EB7A1B89D574}.Debug|Any CPU.ActiveCfg = Debug|Any CPU
		{910A41EE-81AE-41A6-9E70-EB7A1B89D574}.Debug|Any CPU.Build.0 = Debug|Any CPU
		{910A41EE-81AE-41A6-9E70-EB7A1B89D574}.Debug|x64.ActiveCfg = Debug|Any CPU
		{910A41EE-81AE-41A6-9E70-EB7A1B89D574}.Debug|x64.Build.0 = Debug|Any CPU
		{910A41EE-81AE-41A6-9E70-EB7A1B89D574}.Debug|x86.ActiveCfg = Debug|Any CPU
		{910A41EE-81AE-41A6-9E70-EB7A1B89D574}.Debug|x86.Build.0 = Debug|Any CPU
		{910A41EE-81AE-41A6-9E70-EB7A1B89D574}.Release|Any CPU.ActiveCfg = Release|Any CPU
		{910A41EE-81AE-41A6-9E70-EB7A1B89D574}.Release|Any CPU.Build.0 = Release|Any CPU
		{910A41EE-81AE-41A6-9E70-EB7A1B89D574}.Release|x64.ActiveCfg = Release|Any CPU
		{910A41EE-81AE-41A6-9E70-EB7A1B89D574}.Release|x64.Build.0 = Release|Any CPU
		{910A41EE-81AE-41A6-9E70-EB7A1B89D574}.Release|x86.ActiveCfg = Release|Any CPU
		{910A41EE-81AE-41A6-9E70-EB7A1B89D574}.Release|x86.Build.0 = Release|Any CPU
	EndGlobalSection
	GlobalSection(SolutionProperties) = preSolution
		HideSolutionNode = FALSE
	EndGlobalSection
	GlobalSection(ExtensibilityGlobals) = postSolution
		SolutionGuid = {4B3403C5-7B7E-4029-9D63-C543C066DE46}
	EndGlobalSection
EndGlobal
